
Microsoft Visual Studio Solution File, Format Version 12.00
# Visual Studio Version 16
VisualStudioVersion = 16.0.29911.84
MinimumVisualStudioVersion = 10.0.40219.1
Project("{151D2E53-A2C4-4D7D-83FE-D05416EBD58E}") = "Application-Gateway", "Application-Gateway\Application-Gateway.deployproj", "{B8A252FC-DB6B-43D9-A797-95D151886BB8}"
EndProject
Global
	GlobalSection(SolutionConfigurationPlatforms) = preSolution
		Debug|Any CPU = Debug|Any CPU
		Release|Any CPU = Release|Any CPU
	EndGlobalSection
	GlobalSection(ProjectConfigurationPlatforms) = postSolution
		{B8A252FC-DB6B-43D9-A797-95D151886BB8}.Debug|Any CPU.ActiveCfg = Debug|Any CPU
		{B8A252FC-DB6B-43D9-A797-95D151886BB8}.Debug|Any CPU.Build.0 = Debug|Any CPU
		{B8A252FC-DB6B-43D9-A797-95D151886BB8}.Release|Any CPU.ActiveCfg = Release|Any CPU
		{B8A252FC-DB6B-43D9-A797-95D151886BB8}.Release|Any CPU.Build.0 = Release|Any CPU
	EndGlobalSection
	GlobalSection(SolutionProperties) = preSolution
		HideSolutionNode = FALSE
	EndGlobalSection
	GlobalSection(ExtensibilityGlobals) = postSolution
		SolutionGuid = {5349DA95-8118-4E99-9E70-2FC61F6F08D6}
	EndGlobalSection
EndGlobal
